
Microsoft Visual Studio Solution File, Format Version 12.00
# Visual Studio Version 16
VisualStudioVersion = 16.0.29920.165
MinimumVisualStudioVersion = 10.0.40219.1
Project("{2150E333-8FDC-42A3-9474-1A3956D46DE8}") = "UI", "UI", "{99BF60B6-55FB-4BDC-AA1C-970FF79B938B}"
EndProject
Project("{2150E333-8FDC-42A3-9474-1A3956D46DE8}") = "Base", "Base", "{15C99375-ECD7-4E99-8F70-EC6A39CFEF47}"
EndProject
Project("{2150E333-8FDC-42A3-9474-1A3956D46DE8}") = "Business", "Business", "{CD70491F-769B-4185-B148-88CFF424FCB3}"
EndProject
Project("{2150E333-8FDC-42A3-9474-1A3956D46DE8}") = "Data", "Data", "{71F86B8C-36C3-4083-90C0-BBDFD898D40D}"
EndProject
Project("{9A19103F-16F7-4668-BE54-9A1E7A4F7556}") = "ConciliadorFinanceiro.Base", "ConciliadorFinanceiro.Base\ConciliadorFinanceiro.Base.csproj", "{B222CCAD-1C39-4F6D-833A-8FB99EB5D224}"
EndProject
Project("{9A19103F-16F7-4668-BE54-9A1E7A4F7556}") = "ConciliadorFinanceiro.Repository", "ConciliadorFinanceiro.Repository\ConciliadorFinanceiro.Repository.csproj", "{737299AF-16F6-4F35-A82D-05D3748E3FBF}"
EndProject
Project("{9A19103F-16F7-4668-BE54-9A1E7A4F7556}") = "ConciliadorFinanceiro.API", "ConciliadorFinanceiro.API\ConciliadorFinanceiro.API.csproj", "{FB35CD6C-8179-49E0-9549-AC49D05A44FD}"
EndProject
Project("{2150E333-8FDC-42A3-9474-1A3956D46DE8}") = "API", "API", "{3A669141-349D-4837-8A2B-B8A63FBFE0F6}"
EndProject
Project("{9A19103F-16F7-4668-BE54-9A1E7A4F7556}") = "ConciliadorFinanceiro.Business", "ConciliadorFinanceiro.Business\ConciliadorFinanceiro.Business.csproj", "{090C516C-4786-4808-91CD-B6F3C6B0F06A}"
EndProject
Project("{9A19103F-16F7-4668-BE54-9A1E7A4F7556}") = "ConciliadorFinanceiro.API.Util", "ConciliadorFinanceiro.API.Util\ConciliadorFinanceiro.API.Util.csproj", "{ABFE5A39-C3AE-4408-9D13-225D0E9E34A4}"
EndProject
Project("{2150E333-8FDC-42A3-9474-1A3956D46DE8}") = "Util", "Util", "{0E93CCD8-9BCC-4783-9CEC-FF5FB5671306}"
EndProject
Project("{FAE04EC0-301F-11D3-BF4B-00C04F79EFBC}") = "ConciliadorFinanceiro.Util", "ConciliadorFinanceiro.Util\ConciliadorFinanceiro.Util.csproj", "{33A23A64-2478-437F-8E38-BF95DDE2C251}"
EndProject
Global
	GlobalSection(SolutionConfigurationPlatforms) = preSolution
		Debug|Any CPU = Debug|Any CPU
		Release|Any CPU = Release|Any CPU
	EndGlobalSection
	GlobalSection(ProjectConfigurationPlatforms) = postSolution
		{B222CCAD-1C39-4F6D-833A-8FB99EB5D224}.Debug|Any CPU.ActiveCfg = Debug|Any CPU
		{B222CCAD-1C39-4F6D-833A-8FB99EB5D224}.Debug|Any CPU.Build.0 = Debug|Any CPU
		{B222CCAD-1C39-4F6D-833A-8FB99EB5D224}.Release|Any CPU.ActiveCfg = Release|Any CPU
		{B222CCAD-1C39-4F6D-833A-8FB99EB5D224}.Release|Any CPU.Build.0 = Release|Any CPU
		{737299AF-16F6-4F35-A82D-05D3748E3FBF}.Debug|Any CPU.ActiveCfg = Debug|Any CPU
		{737299AF-16F6-4F35-A82D-05D3748E3FBF}.Debug|Any CPU.Build.0 = Debug|Any CPU
		{737299AF-16F6-4F35-A82D-05D3748E3FBF}.Release|Any CPU.ActiveCfg = Release|Any CPU
		{737299AF-16F6-4F35-A82D-05D3748E3FBF}.Release|Any CPU.Build.0 = Release|Any CPU
		{FB35CD6C-8179-49E0-9549-AC49D05A44FD}.Debug|Any CPU.ActiveCfg = Debug|Any CPU
		{FB35CD6C-8179-49E0-9549-AC49D05A44FD}.Debug|Any CPU.Build.0 = Debug|Any CPU
		{FB35CD6C-8179-49E0-9549-AC49D05A44FD}.Release|Any CPU.ActiveCfg = Release|Any CPU
		{FB35CD6C-8179-49E0-9549-AC49D05A44FD}.Release|Any CPU.Build.0 = Release|Any CPU
		{090C516C-4786-4808-91CD-B6F3C6B0F06A}.Debug|Any CPU.ActiveCfg = Debug|Any CPU
		{090C516C-4786-4808-91CD-B6F3C6B0F06A}.Debug|Any CPU.Build.0 = Debug|Any CPU
		{090C516C-4786-4808-91CD-B6F3C6B0F06A}.Release|Any CPU.ActiveCfg = Release|Any CPU
		{090C516C-4786-4808-91CD-B6F3C6B0F06A}.Release|Any CPU.Build.0 = Release|Any CPU
		{ABFE5A39-C3AE-4408-9D13-225D0E9E34A4}.Debug|Any CPU.ActiveCfg = Debug|Any CPU
		{ABFE5A39-C3AE-4408-9D13-225D0E9E34A4}.Debug|Any CPU.Build.0 = Debug|Any CPU
		{ABFE5A39-C3AE-4408-9D13-225D0E9E34A4}.Release|Any CPU.ActiveCfg = Release|Any CPU
		{ABFE5A39-C3AE-4408-9D13-225D0E9E34A4}.Release|Any CPU.Build.0 = Release|Any CPU
		{33A23A64-2478-437F-8E38-BF95DDE2C251}.Debug|Any CPU.ActiveCfg = Debug|Any CPU
		{33A23A64-2478-437F-8E38-BF95DDE2C251}.Debug|Any CPU.Build.0 = Debug|Any CPU
		{33A23A64-2478-437F-8E38-BF95DDE2C251}.Release|Any CPU.ActiveCfg = Release|Any CPU
		{33A23A64-2478-437F-8E38-BF95DDE2C251}.Release|Any CPU.Build.0 = Release|Any CPU
	EndGlobalSection
	GlobalSection(SolutionProperties) = preSolution
		HideSolutionNode = FALSE
	EndGlobalSection
	GlobalSection(NestedProjects) = preSolution
		{B222CCAD-1C39-4F6D-833A-8FB99EB5D224} = {15C99375-ECD7-4E99-8F70-EC6A39CFEF47}
		{737299AF-16F6-4F35-A82D-05D3748E3FBF} = {71F86B8C-36C3-4083-90C0-BBDFD898D40D}
		{FB35CD6C-8179-49E0-9549-AC49D05A44FD} = {3A669141-349D-4837-8A2B-B8A63FBFE0F6}
		{090C516C-4786-4808-91CD-B6F3C6B0F06A} = {CD70491F-769B-4185-B148-88CFF424FCB3}
		{ABFE5A39-C3AE-4408-9D13-225D0E9E34A4} = {3A669141-349D-4837-8A2B-B8A63FBFE0F6}
		{33A23A64-2478-437F-8E38-BF95DDE2C251} = {0E93CCD8-9BCC-4783-9CEC-FF5FB5671306}
	EndGlobalSection
	GlobalSection(ExtensibilityGlobals) = postSolution
		SolutionGuid = {08A4EA48-6E4E-4C71-B856-11DA293E2CEA}
	EndGlobalSection
EndGlobal
